
Microsoft Visual Studio Solution File, Format Version 12.00
# Visual Studio 15
VisualStudioVersion = 15.0.28307.1831
MinimumVisualStudioVersion = 10.0.40219.1
Project("{FAE04EC0-301F-11D3-BF4B-00C04F79EFBC}") = "Johnson_Assignment6", "Johnson_Assignment6\Johnson_Assignment6.csproj", "{C161F236-3DAC-42DC-8170-153519203337}"
EndProject
Global
	GlobalSection(SolutionConfigurationPlatforms) = preSolution
		Debug|Any CPU = Debug|Any CPU
		Release|Any CPU = Release|Any CPU
	EndGlobalSection
	GlobalSection(ProjectConfigurationPlatforms) = postSolution
		{C161F236-3DAC-42DC-8170-153519203337}.Debug|Any CPU.ActiveCfg = Debug|Any CPU
		{C161F236-3DAC-42DC-8170-153519203337}.Debug|Any CPU.Build.0 = Debug|Any CPU
		{C161F236-3DAC-42DC-8170-153519203337}.Release|Any CPU.ActiveCfg = Release|Any CPU
		{C161F236-3DAC-42DC-8170-153519203337}.Release|Any CPU.Build.0 = Release|Any CPU
	EndGlobalSection
	GlobalSection(SolutionProperties) = preSolution
		HideSolutionNode = FALSE
	EndGlobalSection
	GlobalSection(ExtensibilityGlobals) = postSolution
		SolutionGuid = {7E329EC4-F7CD-4C36-BC1C-ED1F7A5D6734}
	EndGlobalSection
EndGlobal
